
Microsoft Visual Studio Solution File, Format Version 12.00
# Visual Studio 15
VisualStudioVersion = 15.0.27130.2027
MinimumVisualStudioVersion = 10.0.40219.1
Project("{2150E333-8FDC-42A3-9474-1A3956D46DE8}") = "UI", "UI", "{2C4D089B-CEF6-4977-B302-47EED7F3EA62}"
EndProject
Project("{2150E333-8FDC-42A3-9474-1A3956D46DE8}") = "Domain", "Domain", "{013FF735-75BC-46C5-BE5D-EBD5E6387831}"
EndProject
Project("{2150E333-8FDC-42A3-9474-1A3956D46DE8}") = "Infrastructure", "Infrastructure", "{A555001B-2978-4AA5-8926-2214BE5BAA62}"
EndProject
Project("{FAE04EC0-301F-11D3-BF4B-00C04F79EFBC}") = "Common", "Common\Common.csproj", "{13A5CD30-2449-463B-817E-2C23FA8B9AE1}"
EndProject
Project("{FAE04EC0-301F-11D3-BF4B-00C04F79EFBC}") = "Common.Tests", "Common.Tests\Common.Tests.csproj", "{BDDD7069-1C17-4F73-BB5A-DD62B1C47695}"
EndProject
Project("{FAE04EC0-301F-11D3-BF4B-00C04F79EFBC}") = "Core", "Core\Core.csproj", "{28756945-BF3D-47AE-BB20-C577FAB5980D}"
EndProject
Project("{FAE04EC0-301F-11D3-BF4B-00C04F79EFBC}") = "Core.ConsoleService", "ConsoleService\Core.ConsoleService.csproj", "{D173DD68-737A-49BD-8A9C-2C1372489DF8}"
EndProject
Project("{FAE04EC0-301F-11D3-BF4B-00C04F79EFBC}") = "Core.Settings", "SettingsService\Core.Settings.csproj", "{C6E6B7CC-C42B-4CB8-B218-4F5E7CBFF9D2}"
EndProject
Project("{FAE04EC0-301F-11D3-BF4B-00C04F79EFBC}") = "FileTransferManager.Client", "FileTransferManager.Client\FileTransferManager.Client.csproj", "{65D292D6-A81C-4CC7-9754-191B5AAD8706}"
EndProject
Project("{FAE04EC0-301F-11D3-BF4B-00C04F79EFBC}") = "FileTransferManager.Server", "FileTransferManager.Server\FileTransferManager.Server.csproj", "{952E1A61-3430-4CB4-9A7A-1D620DAF97D6}"
EndProject
Project("{FAE04EC0-301F-11D3-BF4B-00C04F79EFBC}") = "OverWeightControl", "OverWeightControl\OverWeightControl.csproj", "{23FF7387-5E24-449B-8898-FA514D0B5134}"
EndProject
Project("{FAE04EC0-301F-11D3-BF4B-00C04F79EFBC}") = "ActsUI", "ClienActsUI\ActsUI.csproj", "{95F37AE0-0599-4354-985A-4209886070C6}"
EndProject
Project("{FAE04EC0-301F-11D3-BF4B-00C04F79EFBC}") = "ParrentUI", "ParrentUI\ParrentUI.csproj", "{2CEDEDE4-51DC-4EA9-9F34-D32B641D3BAE}"
EndProject
Project("{FAE04EC0-301F-11D3-BF4B-00C04F79EFBC}") = "Common.BelModel", "Common.BelModel\Common.BelModel.csproj", "{B0553610-1D34-4A94-9AC1-FE0B3B6A4FDB}"
EndProject
Project("{FAE04EC0-301F-11D3-BF4B-00C04F79EFBC}") = "Core.RemoteInteraction", "Core.RemoteInteraction\Core.RemoteInteraction.csproj", "{5C8ADC3A-CDB4-42F2-A1DF-53A13B823320}"
EndProject
Global
	GlobalSection(SolutionConfigurationPlatforms) = preSolution
		Debug|Any CPU = Debug|Any CPU
		Release|Any CPU = Release|Any CPU
	EndGlobalSection
	GlobalSection(ProjectConfigurationPlatforms) = postSolution
		{13A5CD30-2449-463B-817E-2C23FA8B9AE1}.Debug|Any CPU.ActiveCfg = Debug|Any CPU
		{13A5CD30-2449-463B-817E-2C23FA8B9AE1}.Debug|Any CPU.Build.0 = Debug|Any CPU
		{13A5CD30-2449-463B-817E-2C23FA8B9AE1}.Release|Any CPU.ActiveCfg = Release|Any CPU
		{13A5CD30-2449-463B-817E-2C23FA8B9AE1}.Release|Any CPU.Build.0 = Release|Any CPU
		{BDDD7069-1C17-4F73-BB5A-DD62B1C47695}.Debug|Any CPU.ActiveCfg = Debug|Any CPU
		{BDDD7069-1C17-4F73-BB5A-DD62B1C47695}.Debug|Any CPU.Build.0 = Debug|Any CPU
		{BDDD7069-1C17-4F73-BB5A-DD62B1C47695}.Release|Any CPU.ActiveCfg = Release|Any CPU
		{BDDD7069-1C17-4F73-BB5A-DD62B1C47695}.Release|Any CPU.Build.0 = Release|Any CPU
		{28756945-BF3D-47AE-BB20-C577FAB5980D}.Debug|Any CPU.ActiveCfg = Debug|Any CPU
		{28756945-BF3D-47AE-BB20-C577FAB5980D}.Debug|Any CPU.Build.0 = Debug|Any CPU
		{28756945-BF3D-47AE-BB20-C577FAB5980D}.Release|Any CPU.ActiveCfg = Release|Any CPU
		{28756945-BF3D-47AE-BB20-C577FAB5980D}.Release|Any CPU.Build.0 = Release|Any CPU
		{D173DD68-737A-49BD-8A9C-2C1372489DF8}.Debug|Any CPU.ActiveCfg = Debug|Any CPU
		{D173DD68-737A-49BD-8A9C-2C1372489DF8}.Debug|Any CPU.Build.0 = Debug|Any CPU
		{D173DD68-737A-49BD-8A9C-2C1372489DF8}.Release|Any CPU.ActiveCfg = Release|Any CPU
		{D173DD68-737A-49BD-8A9C-2C1372489DF8}.Release|Any CPU.Build.0 = Release|Any CPU
		{C6E6B7CC-C42B-4CB8-B218-4F5E7CBFF9D2}.Debug|Any CPU.ActiveCfg = Debug|Any CPU
		{C6E6B7CC-C42B-4CB8-B218-4F5E7CBFF9D2}.Debug|Any CPU.Build.0 = Debug|Any CPU
		{C6E6B7CC-C42B-4CB8-B218-4F5E7CBFF9D2}.Release|Any CPU.ActiveCfg = Release|Any CPU
		{C6E6B7CC-C42B-4CB8-B218-4F5E7CBFF9D2}.Release|Any CPU.Build.0 = Release|Any CPU
		{65D292D6-A81C-4CC7-9754-191B5AAD8706}.Debug|Any CPU.ActiveCfg = Debug|Any CPU
		{65D292D6-A81C-4CC7-9754-191B5AAD8706}.Debug|Any CPU.Build.0 = Debug|Any CPU
		{65D292D6-A81C-4CC7-9754-191B5AAD8706}.Release|Any CPU.ActiveCfg = Release|Any CPU
		{65D292D6-A81C-4CC7-9754-191B5AAD8706}.Release|Any CPU.Build.0 = Release|Any CPU
		{952E1A61-3430-4CB4-9A7A-1D620DAF97D6}.Debug|Any CPU.ActiveCfg = Debug|Any CPU
		{952E1A61-3430-4CB4-9A7A-1D620DAF97D6}.Debug|Any CPU.Build.0 = Debug|Any CPU
		{952E1A61-3430-4CB4-9A7A-1D620DAF97D6}.Release|Any CPU.ActiveCfg = Release|Any CPU
		{952E1A61-3430-4CB4-9A7A-1D620DAF97D6}.Release|Any CPU.Build.0 = Release|Any CPU
		{23FF7387-5E24-449B-8898-FA514D0B5134}.Debug|Any CPU.ActiveCfg = Debug|Any CPU
		{23FF7387-5E24-449B-8898-FA514D0B5134}.Debug|Any CPU.Build.0 = Debug|Any CPU
		{23FF7387-5E24-449B-8898-FA514D0B5134}.Release|Any CPU.ActiveCfg = Release|Any CPU
		{23FF7387-5E24-449B-8898-FA514D0B5134}.Release|Any CPU.Build.0 = Release|Any CPU
		{95F37AE0-0599-4354-985A-4209886070C6}.Debug|Any CPU.ActiveCfg = Debug|Any CPU
		{95F37AE0-0599-4354-985A-4209886070C6}.Debug|Any CPU.Build.0 = Debug|Any CPU
		{95F37AE0-0599-4354-985A-4209886070C6}.Release|Any CPU.ActiveCfg = Release|Any CPU
		{95F37AE0-0599-4354-985A-4209886070C6}.Release|Any CPU.Build.0 = Release|Any CPU
		{2CEDEDE4-51DC-4EA9-9F34-D32B641D3BAE}.Debug|Any CPU.ActiveCfg = Debug|Any CPU
		{2CEDEDE4-51DC-4EA9-9F34-D32B641D3BAE}.Debug|Any CPU.Build.0 = Debug|Any CPU
		{2CEDEDE4-51DC-4EA9-9F34-D32B641D3BAE}.Release|Any CPU.ActiveCfg = Release|Any CPU
		{2CEDEDE4-51DC-4EA9-9F34-D32B641D3BAE}.Release|Any CPU.Build.0 = Release|Any CPU
		{B0553610-1D34-4A94-9AC1-FE0B3B6A4FDB}.Debug|Any CPU.ActiveCfg = Debug|Any CPU
		{B0553610-1D34-4A94-9AC1-FE0B3B6A4FDB}.Debug|Any CPU.Build.0 = Debug|Any CPU
		{B0553610-1D34-4A94-9AC1-FE0B3B6A4FDB}.Release|Any CPU.ActiveCfg = Release|Any CPU
		{B0553610-1D34-4A94-9AC1-FE0B3B6A4FDB}.Release|Any CPU.Build.0 = Release|Any CPU
		{5C8ADC3A-CDB4-42F2-A1DF-53A13B823320}.Debug|Any CPU.ActiveCfg = Debug|Any CPU
		{5C8ADC3A-CDB4-42F2-A1DF-53A13B823320}.Debug|Any CPU.Build.0 = Debug|Any CPU
		{5C8ADC3A-CDB4-42F2-A1DF-53A13B823320}.Release|Any CPU.ActiveCfg = Release|Any CPU
		{5C8ADC3A-CDB4-42F2-A1DF-53A13B823320}.Release|Any CPU.Build.0 = Release|Any CPU
	EndGlobalSection
	GlobalSection(SolutionProperties) = preSolution
		HideSolutionNode = FALSE
	EndGlobalSection
	GlobalSection(NestedProjects) = preSolution
		{13A5CD30-2449-463B-817E-2C23FA8B9AE1} = {013FF735-75BC-46C5-BE5D-EBD5E6387831}
		{BDDD7069-1C17-4F73-BB5A-DD62B1C47695} = {013FF735-75BC-46C5-BE5D-EBD5E6387831}
		{28756945-BF3D-47AE-BB20-C577FAB5980D} = {A555001B-2978-4AA5-8926-2214BE5BAA62}
		{D173DD68-737A-49BD-8A9C-2C1372489DF8} = {A555001B-2978-4AA5-8926-2214BE5BAA62}
		{C6E6B7CC-C42B-4CB8-B218-4F5E7CBFF9D2} = {A555001B-2978-4AA5-8926-2214BE5BAA62}
		{65D292D6-A81C-4CC7-9754-191B5AAD8706} = {A555001B-2978-4AA5-8926-2214BE5BAA62}
		{952E1A61-3430-4CB4-9A7A-1D620DAF97D6} = {A555001B-2978-4AA5-8926-2214BE5BAA62}
		{23FF7387-5E24-449B-8898-FA514D0B5134} = {A555001B-2978-4AA5-8926-2214BE5BAA62}
		{95F37AE0-0599-4354-985A-4209886070C6} = {2C4D089B-CEF6-4977-B302-47EED7F3EA62}
		{2CEDEDE4-51DC-4EA9-9F34-D32B641D3BAE} = {2C4D089B-CEF6-4977-B302-47EED7F3EA62}
		{B0553610-1D34-4A94-9AC1-FE0B3B6A4FDB} = {013FF735-75BC-46C5-BE5D-EBD5E6387831}
		{5C8ADC3A-CDB4-42F2-A1DF-53A13B823320} = {A555001B-2978-4AA5-8926-2214BE5BAA62}
	EndGlobalSection
	GlobalSection(ExtensibilityGlobals) = postSolution
		SolutionGuid = {B45642E3-DB30-46A5-8DF5-33415D748002}
	EndGlobalSection
EndGlobal
