
Microsoft Visual Studio Solution File, Format Version 12.00
# Visual Studio 15
VisualStudioVersion = 15.0.27130.2027
MinimumVisualStudioVersion = 10.0.40219.1
Project("{2150E333-8FDC-42A3-9474-1A3956D46DE8}") = "UI", "UI", "{2C4D089B-CEF6-4977-B302-47EED7F3EA62}"
EndProject
Project("{2150E333-8FDC-42A3-9474-1A3956D46DE8}") = "Domain", "Domain", "{013FF735-75BC-46C5-BE5D-EBD5E6387831}"
EndProject
Project("{2150E333-8FDC-42A3-9474-1A3956D46DE8}") = "Infrastructure", "Infrastructure", "{A555001B-2978-4AA5-8926-2214BE5BAA62}"
EndProject
Project("{FAE04EC0-301F-11D3-BF4B-00C04F79EFBC}") = "Common", "Common\Common.csproj", "{13A5CD30-2449-463B-817E-2C23FA8B9AE1}"
EndProject
Project("{FAE04EC0-301F-11D3-BF4B-00C04F79EFBC}") = "Common.Tests", "Common.Tests\Common.Tests.csproj", "{BDDD7069-1C17-4F73-BB5A-DD62B1C47695}"
EndProject
Global
	GlobalSection(SolutionConfigurationPlatforms) = preSolution
		Debug|Any CPU = Debug|Any CPU
		Release|Any CPU = Release|Any CPU
	EndGlobalSection
	GlobalSection(ProjectConfigurationPlatforms) = postSolution
		{13A5CD30-2449-463B-817E-2C23FA8B9AE1}.Debug|Any CPU.ActiveCfg = Debug|Any CPU
		{13A5CD30-2449-463B-817E-2C23FA8B9AE1}.Debug|Any CPU.Build.0 = Debug|Any CPU
		{13A5CD30-2449-463B-817E-2C23FA8B9AE1}.Release|Any CPU.ActiveCfg = Release|Any CPU
		{13A5CD30-2449-463B-817E-2C23FA8B9AE1}.Release|Any CPU.Build.0 = Release|Any CPU
		{BDDD7069-1C17-4F73-BB5A-DD62B1C47695}.Debug|Any CPU.ActiveCfg = Debug|Any CPU
		{BDDD7069-1C17-4F73-BB5A-DD62B1C47695}.Debug|Any CPU.Build.0 = Debug|Any CPU
		{BDDD7069-1C17-4F73-BB5A-DD62B1C47695}.Release|Any CPU.ActiveCfg = Release|Any CPU
		{BDDD7069-1C17-4F73-BB5A-DD62B1C47695}.Release|Any CPU.Build.0 = Release|Any CPU
	EndGlobalSection
	GlobalSection(SolutionProperties) = preSolution
		HideSolutionNode = FALSE
	EndGlobalSection
	GlobalSection(NestedProjects) = preSolution
		{13A5CD30-2449-463B-817E-2C23FA8B9AE1} = {013FF735-75BC-46C5-BE5D-EBD5E6387831}
		{BDDD7069-1C17-4F73-BB5A-DD62B1C47695} = {013FF735-75BC-46C5-BE5D-EBD5E6387831}
	EndGlobalSection
	GlobalSection(ExtensibilityGlobals) = postSolution
		SolutionGuid = {B45642E3-DB30-46A5-8DF5-33415D748002}
	EndGlobalSection
EndGlobal
